
Microsoft Visual Studio Solution File, Format Version 12.00
# Visual Studio Version 16
VisualStudioVersion = 16.0.29709.97
MinimumVisualStudioVersion = 10.0.40219.1
Project("{2150E333-8FDC-42A3-9474-1A3956D46DE8}") = "1 - Presentation", "1 - Presentation", "{13DB9370-D429-4613-8F67-561294A9FACA}"
EndProject
Project("{2150E333-8FDC-42A3-9474-1A3956D46DE8}") = "2 - Application", "2 - Application", "{20F3C26E-43BB-4067-B63F-EC007FF81CE5}"
EndProject
Project("{2150E333-8FDC-42A3-9474-1A3956D46DE8}") = "3 - Domain", "3 - Domain", "{402220F9-49FB-4051-BBC5-0451D9FAADF7}"
EndProject
Project("{2150E333-8FDC-42A3-9474-1A3956D46DE8}") = "4 - Infra", "4 - Infra", "{08C44277-D89E-4C2F-B8F2-36B06B4C4BE6}"
EndProject
Project("{2150E333-8FDC-42A3-9474-1A3956D46DE8}") = "4.2 - CrossCutting", "4.2 - CrossCutting", "{554CAF06-5BF7-49E4-A507-002BAD928CEB}"
EndProject
Project("{2150E333-8FDC-42A3-9474-1A3956D46DE8}") = "5- Tests", "5- Tests", "{B620D603-FF8B-40EF-B852-25F86BEABFEC}"
EndProject
Project("{9A19103F-16F7-4668-BE54-9A1E7A4F7556}") = "Dell.Academy.Api", "src\Dell.Academy.Api\Dell.Academy.Api.csproj", "{DE1EEA1C-3E72-461B-ABAB-E7B0BD12F530}"
EndProject
Project("{9A19103F-16F7-4668-BE54-9A1E7A4F7556}") = "Dell.Academy.Application", "src\Dell.Academy.Application\Dell.Academy.Application.csproj", "{ECB1E2DA-E984-46D0-BA43-336E4E2008E6}"
EndProject
Project("{9A19103F-16F7-4668-BE54-9A1E7A4F7556}") = "Dell.Academy.Domain", "src\Dell.Academy.Domain\Dell.Academy.Domain.csproj", "{15DA1D68-298C-416D-BB28-DFB96598BD67}"
EndProject
Project("{9A19103F-16F7-4668-BE54-9A1E7A4F7556}") = "Dell.Academy.Infra.CrossCutting.Seed", "src\Dell.Academy.Infra.Seed\Dell.Academy.Infra.CrossCutting.Seed.csproj", "{E1EB6CA0-7995-4C63-AD38-442A21E3458E}"
EndProject
Project("{9A19103F-16F7-4668-BE54-9A1E7A4F7556}") = "Dell.SFP.Infra.CrossCutting.IoC", "src\Dell.Academy.Infra.CrossCutting.IoC\Dell.SFP.Infra.CrossCutting.IoC.csproj", "{DCD3B396-C9FE-4076-B7DF-BE3B9E58EAC2}"
EndProject
Project("{2150E333-8FDC-42A3-9474-1A3956D46DE8}") = "4.1 - Data", "4.1 - Data", "{A031FDEA-A187-428D-84BC-18EF22A6B1BC}"
EndProject
Project("{9A19103F-16F7-4668-BE54-9A1E7A4F7556}") = "Dell.Academy.Infra.Data", "src\Dell.Academy.Infra.Data\Dell.Academy.Infra.Data.csproj", "{658A677A-49C7-4C3C-BD55-2CC4A21EB4F9}"
EndProject
Project("{FAE04EC0-301F-11D3-BF4B-00C04F79EFBC}") = "Dell.Academy.Domain.Tests", "tests\Dell.Academy.Domain.Tests\Dell.Academy.Domain.Tests.csproj", "{83FDCA26-EB3D-4328-8D6D-A3CFA3CFB9F7}"
EndProject
Global
	GlobalSection(SolutionConfigurationPlatforms) = preSolution
		Debug|Any CPU = Debug|Any CPU
		Release|Any CPU = Release|Any CPU
	EndGlobalSection
	GlobalSection(ProjectConfigurationPlatforms) = postSolution
		{DE1EEA1C-3E72-461B-ABAB-E7B0BD12F530}.Debug|Any CPU.ActiveCfg = Debug|Any CPU
		{DE1EEA1C-3E72-461B-ABAB-E7B0BD12F530}.Debug|Any CPU.Build.0 = Debug|Any CPU
		{DE1EEA1C-3E72-461B-ABAB-E7B0BD12F530}.Release|Any CPU.ActiveCfg = Release|Any CPU
		{DE1EEA1C-3E72-461B-ABAB-E7B0BD12F530}.Release|Any CPU.Build.0 = Release|Any CPU
		{ECB1E2DA-E984-46D0-BA43-336E4E2008E6}.Debug|Any CPU.ActiveCfg = Debug|Any CPU
		{ECB1E2DA-E984-46D0-BA43-336E4E2008E6}.Debug|Any CPU.Build.0 = Debug|Any CPU
		{ECB1E2DA-E984-46D0-BA43-336E4E2008E6}.Release|Any CPU.ActiveCfg = Release|Any CPU
		{ECB1E2DA-E984-46D0-BA43-336E4E2008E6}.Release|Any CPU.Build.0 = Release|Any CPU
		{15DA1D68-298C-416D-BB28-DFB96598BD67}.Debug|Any CPU.ActiveCfg = Debug|Any CPU
		{15DA1D68-298C-416D-BB28-DFB96598BD67}.Debug|Any CPU.Build.0 = Debug|Any CPU
		{15DA1D68-298C-416D-BB28-DFB96598BD67}.Release|Any CPU.ActiveCfg = Release|Any CPU
		{15DA1D68-298C-416D-BB28-DFB96598BD67}.Release|Any CPU.Build.0 = Release|Any CPU
		{E1EB6CA0-7995-4C63-AD38-442A21E3458E}.Debug|Any CPU.ActiveCfg = Debug|Any CPU
		{E1EB6CA0-7995-4C63-AD38-442A21E3458E}.Debug|Any CPU.Build.0 = Debug|Any CPU
		{E1EB6CA0-7995-4C63-AD38-442A21E3458E}.Release|Any CPU.ActiveCfg = Release|Any CPU
		{E1EB6CA0-7995-4C63-AD38-442A21E3458E}.Release|Any CPU.Build.0 = Release|Any CPU
		{DCD3B396-C9FE-4076-B7DF-BE3B9E58EAC2}.Debug|Any CPU.ActiveCfg = Debug|Any CPU
		{DCD3B396-C9FE-4076-B7DF-BE3B9E58EAC2}.Debug|Any CPU.Build.0 = Debug|Any CPU
		{DCD3B396-C9FE-4076-B7DF-BE3B9E58EAC2}.Release|Any CPU.ActiveCfg = Release|Any CPU
		{DCD3B396-C9FE-4076-B7DF-BE3B9E58EAC2}.Release|Any CPU.Build.0 = Release|Any CPU
		{658A677A-49C7-4C3C-BD55-2CC4A21EB4F9}.Debug|Any CPU.ActiveCfg = Debug|Any CPU
		{658A677A-49C7-4C3C-BD55-2CC4A21EB4F9}.Debug|Any CPU.Build.0 = Debug|Any CPU
		{658A677A-49C7-4C3C-BD55-2CC4A21EB4F9}.Release|Any CPU.ActiveCfg = Release|Any CPU
		{658A677A-49C7-4C3C-BD55-2CC4A21EB4F9}.Release|Any CPU.Build.0 = Release|Any CPU
		{83FDCA26-EB3D-4328-8D6D-A3CFA3CFB9F7}.Debug|Any CPU.ActiveCfg = Debug|Any CPU
		{83FDCA26-EB3D-4328-8D6D-A3CFA3CFB9F7}.Debug|Any CPU.Build.0 = Debug|Any CPU
		{83FDCA26-EB3D-4328-8D6D-A3CFA3CFB9F7}.Release|Any CPU.ActiveCfg = Release|Any CPU
		{83FDCA26-EB3D-4328-8D6D-A3CFA3CFB9F7}.Release|Any CPU.Build.0 = Release|Any CPU
	EndGlobalSection
	GlobalSection(SolutionProperties) = preSolution
		HideSolutionNode = FALSE
	EndGlobalSection
	GlobalSection(NestedProjects) = preSolution
		{554CAF06-5BF7-49E4-A507-002BAD928CEB} = {08C44277-D89E-4C2F-B8F2-36B06B4C4BE6}
		{DE1EEA1C-3E72-461B-ABAB-E7B0BD12F530} = {13DB9370-D429-4613-8F67-561294A9FACA}
		{ECB1E2DA-E984-46D0-BA43-336E4E2008E6} = {20F3C26E-43BB-4067-B63F-EC007FF81CE5}
		{15DA1D68-298C-416D-BB28-DFB96598BD67} = {402220F9-49FB-4051-BBC5-0451D9FAADF7}
		{E1EB6CA0-7995-4C63-AD38-442A21E3458E} = {554CAF06-5BF7-49E4-A507-002BAD928CEB}
		{DCD3B396-C9FE-4076-B7DF-BE3B9E58EAC2} = {554CAF06-5BF7-49E4-A507-002BAD928CEB}
		{A031FDEA-A187-428D-84BC-18EF22A6B1BC} = {08C44277-D89E-4C2F-B8F2-36B06B4C4BE6}
		{658A677A-49C7-4C3C-BD55-2CC4A21EB4F9} = {A031FDEA-A187-428D-84BC-18EF22A6B1BC}
		{83FDCA26-EB3D-4328-8D6D-A3CFA3CFB9F7} = {B620D603-FF8B-40EF-B852-25F86BEABFEC}
	EndGlobalSection
	GlobalSection(ExtensibilityGlobals) = postSolution
		SolutionGuid = {EA4494CB-C2E9-4618-9E01-F8073BC388C7}
	EndGlobalSection
EndGlobal
